
Microsoft Visual Studio Solution File, Format Version 12.00
# Visual Studio Version 17
VisualStudioVersion = 17.2.32616.157
MinimumVisualStudioVersion = 10.0.40219.1
Project("{FAE04EC0-301F-11D3-BF4B-00C04F79EFBC}") = "Exercicio03", "Exercicio03\Exercicio03.csproj", "{A2675C6F-3968-4482-91A6-E1354657B9C5}"
EndProject
Global
	GlobalSection(SolutionConfigurationPlatforms) = preSolution
		Debug|Any CPU = Debug|Any CPU
		Release|Any CPU = Release|Any CPU
	EndGlobalSection
	GlobalSection(ProjectConfigurationPlatforms) = postSolution
		{A2675C6F-3968-4482-91A6-E1354657B9C5}.Debug|Any CPU.ActiveCfg = Debug|Any CPU
		{A2675C6F-3968-4482-91A6-E1354657B9C5}.Debug|Any CPU.Build.0 = Debug|Any CPU
		{A2675C6F-3968-4482-91A6-E1354657B9C5}.Release|Any CPU.ActiveCfg = Release|Any CPU
		{A2675C6F-3968-4482-91A6-E1354657B9C5}.Release|Any CPU.Build.0 = Release|Any CPU
	EndGlobalSection
	GlobalSection(SolutionProperties) = preSolution
		HideSolutionNode = FALSE
	EndGlobalSection
	GlobalSection(ExtensibilityGlobals) = postSolution
		SolutionGuid = {296CF58E-273C-40A8-89F3-8E42267F290B}
	EndGlobalSection
EndGlobal
