
Microsoft Visual Studio Solution File, Format Version 12.00
# Visual Studio Version 17
VisualStudioVersion = 17.2.32526.322
MinimumVisualStudioVersion = 10.0.40219.1
Project("{FAE04EC0-301F-11D3-BF4B-00C04F79EFBC}") = "ExercicioSemana04Mod02", "ExercicioSemana04Mod02\ExercicioSemana04Mod02.csproj", "{3CC4F7CA-6998-4FD9-97E3-08D54CE35A1A}"
EndProject
Global
	GlobalSection(SolutionConfigurationPlatforms) = preSolution
		Debug|Any CPU = Debug|Any CPU
		Release|Any CPU = Release|Any CPU
	EndGlobalSection
	GlobalSection(ProjectConfigurationPlatforms) = postSolution
		{3CC4F7CA-6998-4FD9-97E3-08D54CE35A1A}.Debug|Any CPU.ActiveCfg = Debug|Any CPU
		{3CC4F7CA-6998-4FD9-97E3-08D54CE35A1A}.Debug|Any CPU.Build.0 = Debug|Any CPU
		{3CC4F7CA-6998-4FD9-97E3-08D54CE35A1A}.Release|Any CPU.ActiveCfg = Release|Any CPU
		{3CC4F7CA-6998-4FD9-97E3-08D54CE35A1A}.Release|Any CPU.Build.0 = Release|Any CPU
	EndGlobalSection
	GlobalSection(SolutionProperties) = preSolution
		HideSolutionNode = FALSE
	EndGlobalSection
	GlobalSection(ExtensibilityGlobals) = postSolution
		SolutionGuid = {1BC2C8F6-9FAA-4591-BD88-D30AD563A5F6}
	EndGlobalSection
EndGlobal
