
Microsoft Visual Studio Solution File, Format Version 12.00
# Visual Studio Version 17
VisualStudioVersion = 17.2.32526.322
MinimumVisualStudioVersion = 10.0.40219.1
Project("{FAE04EC0-301F-11D3-BF4B-00C04F79EFBC}") = "modulo2-semana6-tests", "modulo2-semana6-tests\modulo2-semana6-tests.csproj", "{FDA1692C-264C-4F8F-B4FB-74694ADF3E66}"
EndProject
Global
	GlobalSection(SolutionConfigurationPlatforms) = preSolution
		Debug|Any CPU = Debug|Any CPU
		Release|Any CPU = Release|Any CPU
	EndGlobalSection
	GlobalSection(ProjectConfigurationPlatforms) = postSolution
		{FDA1692C-264C-4F8F-B4FB-74694ADF3E66}.Debug|Any CPU.ActiveCfg = Debug|Any CPU
		{FDA1692C-264C-4F8F-B4FB-74694ADF3E66}.Debug|Any CPU.Build.0 = Debug|Any CPU
		{FDA1692C-264C-4F8F-B4FB-74694ADF3E66}.Release|Any CPU.ActiveCfg = Release|Any CPU
		{FDA1692C-264C-4F8F-B4FB-74694ADF3E66}.Release|Any CPU.Build.0 = Release|Any CPU
	EndGlobalSection
	GlobalSection(SolutionProperties) = preSolution
		HideSolutionNode = FALSE
	EndGlobalSection
	GlobalSection(ExtensibilityGlobals) = postSolution
		SolutionGuid = {406EABCF-F7BA-42A4-A391-168A75B213CF}
	EndGlobalSection
EndGlobal
