
Microsoft Visual Studio Solution File, Format Version 12.00
# Visual Studio Version 17
VisualStudioVersion = 17.3.32804.467
MinimumVisualStudioVersion = 10.0.40219.1
Project("{FAE04EC0-301F-11D3-BF4B-00C04F79EFBC}") = "MusicaAplicacacaoApi", "MusicaAplicacacaoApi\MusicaAplicacacaoApi.csproj", "{69880DD9-22A8-446B-A6F5-676E7991AA25}"
EndProject
Global
	GlobalSection(SolutionConfigurationPlatforms) = preSolution
		Debug|Any CPU = Debug|Any CPU
		Release|Any CPU = Release|Any CPU
	EndGlobalSection
	GlobalSection(ProjectConfigurationPlatforms) = postSolution
		{69880DD9-22A8-446B-A6F5-676E7991AA25}.Debug|Any CPU.ActiveCfg = Debug|Any CPU
		{69880DD9-22A8-446B-A6F5-676E7991AA25}.Debug|Any CPU.Build.0 = Debug|Any CPU
		{69880DD9-22A8-446B-A6F5-676E7991AA25}.Release|Any CPU.ActiveCfg = Release|Any CPU
		{69880DD9-22A8-446B-A6F5-676E7991AA25}.Release|Any CPU.Build.0 = Release|Any CPU
	EndGlobalSection
	GlobalSection(SolutionProperties) = preSolution
		HideSolutionNode = FALSE
	EndGlobalSection
	GlobalSection(ExtensibilityGlobals) = postSolution
		SolutionGuid = {85F986A6-76BD-47AF-AF7C-949C8E0A96E0}
	EndGlobalSection
EndGlobal
