
Microsoft Visual Studio Solution File, Format Version 12.00
# Visual Studio Version 17
VisualStudioVersion = 17.2.32526.322
MinimumVisualStudioVersion = 10.0.40219.1
Project("{FAE04EC0-301F-11D3-BF4B-00C04F79EFBC}") = "Cartoes", "Cartoes\Cartoes.csproj", "{AFEDCD51-2011-4CE7-B6FA-27510240BEEE}"
EndProject
Global
	GlobalSection(SolutionConfigurationPlatforms) = preSolution
		Debug|Any CPU = Debug|Any CPU
		Release|Any CPU = Release|Any CPU
	EndGlobalSection
	GlobalSection(ProjectConfigurationPlatforms) = postSolution
		{AFEDCD51-2011-4CE7-B6FA-27510240BEEE}.Debug|Any CPU.ActiveCfg = Debug|Any CPU
		{AFEDCD51-2011-4CE7-B6FA-27510240BEEE}.Debug|Any CPU.Build.0 = Debug|Any CPU
		{AFEDCD51-2011-4CE7-B6FA-27510240BEEE}.Release|Any CPU.ActiveCfg = Release|Any CPU
		{AFEDCD51-2011-4CE7-B6FA-27510240BEEE}.Release|Any CPU.Build.0 = Release|Any CPU
	EndGlobalSection
	GlobalSection(SolutionProperties) = preSolution
		HideSolutionNode = FALSE
	EndGlobalSection
	GlobalSection(ExtensibilityGlobals) = postSolution
		SolutionGuid = {236A93FF-0629-42C7-BA23-DA5259D53115}
	EndGlobalSection
EndGlobal
